
Microsoft Visual Studio Solution File, Format Version 12.00
# Visual Studio Version 17
VisualStudioVersion = 17.1.32210.238
MinimumVisualStudioVersion = 10.0.40219.1
Project("{FAE04EC0-301F-11D3-BF4B-00C04F79EFBC}") = "Examen", "Examen\Examen.csproj", "{39B759B3-A6F0-4C35-B635-3DF7ED46533A}"
EndProject
Global
	GlobalSection(SolutionConfigurationPlatforms) = preSolution
		Debug|Any CPU = Debug|Any CPU
		Release|Any CPU = Release|Any CPU
	EndGlobalSection
	GlobalSection(ProjectConfigurationPlatforms) = postSolution
		{39B759B3-A6F0-4C35-B635-3DF7ED46533A}.Debug|Any CPU.ActiveCfg = Debug|Any CPU
		{39B759B3-A6F0-4C35-B635-3DF7ED46533A}.Debug|Any CPU.Build.0 = Debug|Any CPU
		{39B759B3-A6F0-4C35-B635-3DF7ED46533A}.Release|Any CPU.ActiveCfg = Release|Any CPU
		{39B759B3-A6F0-4C35-B635-3DF7ED46533A}.Release|Any CPU.Build.0 = Release|Any CPU
	EndGlobalSection
	GlobalSection(SolutionProperties) = preSolution
		HideSolutionNode = FALSE
	EndGlobalSection
	GlobalSection(ExtensibilityGlobals) = postSolution
		SolutionGuid = {D16A6FED-922D-49D4-BF32-57530CB7A9E3}
	EndGlobalSection
EndGlobal
